{
  "name": "sindys",
  "lockfileVersion": 3,
  "requires": true,
  "packages": {
    "": {
      "dependencies": {
        "i18next": "^23.5.1",
        "i18next-browser-languagedetector": "^7.1.0",
        "react-router-bootstrap": "^0.26.2",
        "react-router-dom": "^6.14.0"
      }
    },
    "node_modules/@babel/runtime": {
      "version": "7.22.15",
      "resolved": "https://registry.npmjs.org/@babel/runtime/-/runtime-7.22.15.tgz",
      "integrity": "sha512-T0O+aa+4w0u06iNmapipJXMV4HoUir03hpx3/YqXXhu9xim3w+dVphjFWl1OH8NbZHw5Lbm9k45drDkgq2VNNA==",
      "dependencies": {
        "regenerator-runtime": "^0.14.0"
      },
      "engines": {
        "node": ">=6.9.0"
      }
    },
    "node_modules/@remix-run/router": {
      "version": "1.7.0",
      "resolved": "https://registry.npmjs.org/@remix-run/router/-/router-1.7.0.tgz",
      "integrity": "sha512-Eu1V3kz3mV0wUpVTiFHuaT8UD1gj/0VnoFHQYX35xlslQUpe8CuYoKFn9d4WZFHm3yDywz6ALZuGdnUPKrNeAw==",
      "engines": {
        "node": ">=14"
      }
    },
    "node_modules/i18next": {
      "version": "23.5.1",
      "resolved": "https://registry.npmjs.org/i18next/-/i18next-23.5.1.tgz",
      "integrity": "sha512-JelYzcaCoFDaa+Ysbfz2JsGAKkrHiMG6S61+HLBUEIPaF40WMwW9hCPymlQGrP+wWawKxKPuSuD71WZscCsWHg==",
      "funding": [
        {
          "type": "individual",
          "url": "https://locize.com"
        },
        {
          "type": "individual",
          "url": "https://locize.com/i18next.html"
        },
        {
          "type": "individual",
          "url": "https://www.i18next.com/how-to/faq#i18next-is-awesome.-how-can-i-support-the-project"
        }
      ],
      "dependencies": {
        "@babel/runtime": "^7.22.5"
      }
    },
    "node_modules/i18next-browser-languagedetector": {
      "version": "7.1.0",
      "resolved": "https://registry.npmjs.org/i18next-browser-languagedetector/-/i18next-browser-languagedetector-7.1.0.tgz",
      "integrity": "sha512-cr2k7u1XJJ4HTOjM9GyOMtbOA47RtUoWRAtt52z43r3AoMs2StYKyjS3URPhzHaf+mn10hY9dZWamga5WPQjhA==",
      "dependencies": {
        "@babel/runtime": "^7.19.4"
      }
    },
    "node_modules/js-tokens": {
      "version": "4.0.0",
      "resolved": "https://registry.npmjs.org/js-tokens/-/js-tokens-4.0.0.tgz",
      "integrity": "sha512-RdJUflcE3cUzKiMqQgsCu06FPu9UdIJO0beYbPhHN4k6apgJtifcoCtT9bcxOpYBtpD2kCM6Sbzg4CausW/PKQ=="
    },
    "node_modules/loose-envify": {
      "version": "1.4.0",
      "resolved": "https://registry.npmjs.org/loose-envify/-/loose-envify-1.4.0.tgz",
      "integrity": "sha512-lyuxPGr/Wfhrlem2CL/UcnUc1zcqKAImBDzukY7Y5F/yQiNdko6+fRLevlw1HgMySw7f611UIY408EtxRSoK3Q==",
      "dependencies": {
        "js-tokens": "^3.0.0 || ^4.0.0"
      },
      "bin": {
        "loose-envify": "cli.js"
      }
    },
    "node_modules/object-assign": {
      "version": "4.1.1",
      "resolved": "https://registry.npmjs.org/object-assign/-/object-assign-4.1.1.tgz",
      "integrity": "sha512-rJgTQnkUnH1sFw8yT6VSU3zD3sWmu6sZhIseY8VX+GRu3P6F7Fu+JNDoXfklElbLJSnc3FUQHVe4cU5hj+BcUg==",
      "engines": {
        "node": ">=0.10.0"
      }
    },
    "node_modules/prop-types": {
      "version": "15.8.1",
      "resolved": "https://registry.npmjs.org/prop-types/-/prop-types-15.8.1.tgz",
      "integrity": "sha512-oj87CgZICdulUohogVAR7AjlC0327U4el4L6eAvOqCeudMDVU0NThNaV+b9Df4dXgSP1gXMTnPdhfe/2qDH5cg==",
      "dependencies": {
        "loose-envify": "^1.4.0",
        "object-assign": "^4.1.1",
        "react-is": "^16.13.1"
      }
    },
    "node_modules/react": {
      "version": "18.2.0",
      "resolved": "https://registry.npmjs.org/react/-/react-18.2.0.tgz",
      "integrity": "sha512-/3IjMdb2L9QbBdWiW5e3P2/npwMBaU9mHCSCUzNln0ZCYbcfTsGbTJrU/kGemdH2IWmB2ioZ+zkxtmq6g09fGQ==",
      "peer": true,
      "dependencies": {
        "loose-envify": "^1.1.0"
      },
      "engines": {
        "node": ">=0.10.0"
      }
    },
    "node_modules/react-dom": {
      "version": "18.2.0",
      "resolved": "https://registry.npmjs.org/react-dom/-/react-dom-18.2.0.tgz",
      "integrity": "sha512-6IMTriUmvsjHUjNtEDudZfuDQUoWXVxKHhlEGSk81n4YFS+r/Kl99wXiwlVXtPBtJenozv2P+hxDsw9eA7Xo6g==",
      "peer": true,
      "dependencies": {
        "loose-envify": "^1.1.0",
        "scheduler": "^0.23.0"
      },
      "peerDependencies": {
        "react": "^18.2.0"
      }
    },
    "node_modules/react-is": {
      "version": "16.13.1",
      "resolved": "https://registry.npmjs.org/react-is/-/react-is-16.13.1.tgz",
      "integrity": "sha512-24e6ynE2H+OKt4kqsOvNd8kBpV65zoxbA4BVsEOB3ARVWQki/DHzaUoC5KuON/BiccDaCCTZBuOcfZs70kR8bQ=="
    },
    "node_modules/react-router": {
      "version": "6.14.0",
      "resolved": "https://registry.npmjs.org/react-router/-/react-router-6.14.0.tgz",
      "integrity": "sha512-OD+vkrcGbvlwkspUFDgMzsu1RXwdjNh83YgG/28lBnDzgslhCgxIqoExLlxsfTpIygp7fc+Hd3esloNwzkm2xA==",
      "dependencies": {
        "@remix-run/router": "1.7.0"
      },
      "engines": {
        "node": ">=14"
      },
      "peerDependencies": {
        "react": ">=16.8"
      }
    },
    "node_modules/react-router-bootstrap": {
      "version": "0.26.2",
      "resolved": "https://registry.npmjs.org/react-router-bootstrap/-/react-router-bootstrap-0.26.2.tgz",
      "integrity": "sha512-YlpI9Xi+Uqp6zFAUO8D/wu6P8mr1ujqq+0V5MhJG1kx9dr/95fAMoGk4J+/CsysOkwtR3tYSac4DDWmHwXvC8w==",
      "dependencies": {
        "prop-types": "^15.7.2"
      },
      "peerDependencies": {
        "react": ">=16.13.1",
        "react-router-dom": ">=6.0.0"
      }
    },
    "node_modules/react-router-dom": {
      "version": "6.14.0",
      "resolved": "https://registry.npmjs.org/react-router-dom/-/react-router-dom-6.14.0.tgz",
      "integrity": "sha512-YEwlApKwzMMMbGbhh+Q7MsloTldcwMgHxUY/1g0uA62+B1hZo2jsybCWIDCL8zvIDB1FA0pBKY9chHbZHt+2dQ==",
      "dependencies": {
        "@remix-run/router": "1.7.0",
        "react-router": "6.14.0"
      },
      "engines": {
        "node": ">=14"
      },
      "peerDependencies": {
        "react": ">=16.8",
        "react-dom": ">=16.8"
      }
    },
    "node_modules/regenerator-runtime": {
      "version": "0.14.0",
      "resolved": "https://registry.npmjs.org/regenerator-runtime/-/regenerator-runtime-0.14.0.tgz",
      "integrity": "sha512-srw17NI0TUWHuGa5CFGGmhfNIeja30WMBfbslPNhf6JrqQlLN5gcrvig1oqPxiVaXb0oW0XRKtH6Nngs5lKCIA=="
    },
    "node_modules/scheduler": {
      "version": "0.23.0",
      "resolved": "https://registry.npmjs.org/scheduler/-/scheduler-0.23.0.tgz",
      "integrity": "sha512-CtuThmgHNg7zIZWAXi3AsyIzA3n4xx7aNyjwC2VJldO2LMVDhFK+63xGqq6CsJH4rTAt6/M+N4GhZiDYPx9eUw==",
      "peer": true,
      "dependencies": {
        "loose-envify": "^1.1.0"
      }
    }
  }
}
